
Microsoft Visual Studio Solution File, Format Version 12.00
# Visual Studio 2012
Project("{FAE04EC0-301F-11D3-BF4B-00C04F79EFBC}") = "YetAnotherAppIOS", "YetAnotherApp\YetAnotherAppIOS.csproj", "{7A07CA12-8863-4C7E-85A4-14F97B47F322}"
EndProject
Project("{D954291E-2A0B-460D-934E-DC6B0785DB48}") = "SharedCode", "SharedCode\SharedCode.shproj", "{74F976FE-D492-4E6A-A12E-F6418217B145}"
EndProject
Project("{FAE04EC0-301F-11D3-BF4B-00C04F79EFBC}") = "YetAnotherAppAndroid", "YetAnotherAppA\YetAnotherAppAndroid.csproj", "{37B2BEC0-38FF-4FBE-96D1-05C72AB32670}"
EndProject
Global
	GlobalSection(SolutionConfigurationPlatforms) = preSolution
		Debug|iPhoneSimulator = Debug|iPhoneSimulator
		Release|iPhoneSimulator = Release|iPhoneSimulator
		Debug|iPhone = Debug|iPhone
		Release|iPhone = Release|iPhone
		Ad-Hoc|iPhone = Ad-Hoc|iPhone
		AppStore|iPhone = AppStore|iPhone
	EndGlobalSection
	GlobalSection(ProjectConfigurationPlatforms) = postSolution
		{37B2BEC0-38FF-4FBE-96D1-05C72AB32670}.Ad-Hoc|iPhone.ActiveCfg = Release|Any CPU
		{37B2BEC0-38FF-4FBE-96D1-05C72AB32670}.Ad-Hoc|iPhone.Build.0 = Release|Any CPU
		{37B2BEC0-38FF-4FBE-96D1-05C72AB32670}.AppStore|iPhone.ActiveCfg = Release|Any CPU
		{37B2BEC0-38FF-4FBE-96D1-05C72AB32670}.AppStore|iPhone.Build.0 = Release|Any CPU
		{37B2BEC0-38FF-4FBE-96D1-05C72AB32670}.Debug|iPhone.ActiveCfg = Debug|Any CPU
		{37B2BEC0-38FF-4FBE-96D1-05C72AB32670}.Debug|iPhone.Build.0 = Debug|Any CPU
		{37B2BEC0-38FF-4FBE-96D1-05C72AB32670}.Debug|iPhoneSimulator.ActiveCfg = Debug|Any CPU
		{37B2BEC0-38FF-4FBE-96D1-05C72AB32670}.Debug|iPhoneSimulator.Build.0 = Debug|Any CPU
		{37B2BEC0-38FF-4FBE-96D1-05C72AB32670}.Release|iPhone.ActiveCfg = Release|Any CPU
		{37B2BEC0-38FF-4FBE-96D1-05C72AB32670}.Release|iPhone.Build.0 = Release|Any CPU
		{37B2BEC0-38FF-4FBE-96D1-05C72AB32670}.Release|iPhoneSimulator.ActiveCfg = Release|Any CPU
		{37B2BEC0-38FF-4FBE-96D1-05C72AB32670}.Release|iPhoneSimulator.Build.0 = Release|Any CPU
		{7A07CA12-8863-4C7E-85A4-14F97B47F322}.Ad-Hoc|iPhone.ActiveCfg = Ad-Hoc|iPhone
		{7A07CA12-8863-4C7E-85A4-14F97B47F322}.Ad-Hoc|iPhone.Build.0 = Ad-Hoc|iPhone
		{7A07CA12-8863-4C7E-85A4-14F97B47F322}.AppStore|iPhone.ActiveCfg = AppStore|iPhone
		{7A07CA12-8863-4C7E-85A4-14F97B47F322}.AppStore|iPhone.Build.0 = AppStore|iPhone
		{7A07CA12-8863-4C7E-85A4-14F97B47F322}.Debug|iPhone.ActiveCfg = Debug|iPhone
		{7A07CA12-8863-4C7E-85A4-14F97B47F322}.Debug|iPhone.Build.0 = Debug|iPhone
		{7A07CA12-8863-4C7E-85A4-14F97B47F322}.Debug|iPhoneSimulator.ActiveCfg = Debug|iPhoneSimulator
		{7A07CA12-8863-4C7E-85A4-14F97B47F322}.Debug|iPhoneSimulator.Build.0 = Debug|iPhoneSimulator
		{7A07CA12-8863-4C7E-85A4-14F97B47F322}.Release|iPhone.ActiveCfg = Release|iPhone
		{7A07CA12-8863-4C7E-85A4-14F97B47F322}.Release|iPhone.Build.0 = Release|iPhone
		{7A07CA12-8863-4C7E-85A4-14F97B47F322}.Release|iPhoneSimulator.ActiveCfg = Release|iPhoneSimulator
		{7A07CA12-8863-4C7E-85A4-14F97B47F322}.Release|iPhoneSimulator.Build.0 = Release|iPhoneSimulator
	EndGlobalSection
EndGlobal
