
Microsoft Visual Studio Solution File, Format Version 12.00
# Visual Studio 2013
VisualStudioVersion = 12.0.30723.0
MinimumVisualStudioVersion = 10.0.40219.1
Project("{FAE04EC0-301F-11D3-BF4B-00C04F79EFBC}") = "YetAnotherAppIOS", "YetAnotherApp\YetAnotherAppIOS.csproj", "{7A07CA12-8863-4C7E-85A4-14F97B47F322}"
EndProject
Project("{D954291E-2A0B-460D-934E-DC6B0785DB48}") = "SharedCode", "SharedCode\SharedCode.shproj", "{74F976FE-D492-4E6A-A12E-F6418217B145}"
EndProject
Project("{FAE04EC0-301F-11D3-BF4B-00C04F79EFBC}") = "YetAnotherAppAndroid", "YetAnotherAppA\YetAnotherAppAndroid.csproj", "{37B2BEC0-38FF-4FBE-96D1-05C72AB32670}"
EndProject
Project("{FAE04EC0-301F-11D3-BF4B-00C04F79EFBC}") = "YetAnotherAppWindowsPhone", "YetAnotherAppWindowsPhone\YetAnotherAppWindowsPhone.csproj", "{7D35EFF9-0EF8-4AE2-BACF-E6CC4E445930}"
EndProject
Global
	GlobalSection(SharedMSBuildProjectFiles) = preSolution
		SharedCode\SharedCode.projitems*{7d35eff9-0ef8-4ae2-bacf-e6cc4e445930}*SharedItemsImports = 4
		SharedCode\SharedCode.projitems*{7a07ca12-8863-4c7e-85a4-14f97b47f322}*SharedItemsImports = 4
		SharedCode\SharedCode.projitems*{37b2bec0-38ff-4fbe-96d1-05c72ab32670}*SharedItemsImports = 4
		SharedCode\SharedCode.projitems*{74f976fe-d492-4e6a-a12e-f6418217b145}*SharedItemsImports = 13
	EndGlobalSection
	GlobalSection(SolutionConfigurationPlatforms) = preSolution
		Ad-Hoc|Any CPU = Ad-Hoc|Any CPU
		Ad-Hoc|ARM = Ad-Hoc|ARM
		Ad-Hoc|iPhone = Ad-Hoc|iPhone
		Ad-Hoc|iPhoneSimulator = Ad-Hoc|iPhoneSimulator
		Ad-Hoc|Mixed Platforms = Ad-Hoc|Mixed Platforms
		Ad-Hoc|x86 = Ad-Hoc|x86
		AppStore|Any CPU = AppStore|Any CPU
		AppStore|ARM = AppStore|ARM
		AppStore|iPhone = AppStore|iPhone
		AppStore|iPhoneSimulator = AppStore|iPhoneSimulator
		AppStore|Mixed Platforms = AppStore|Mixed Platforms
		AppStore|x86 = AppStore|x86
		Debug|Any CPU = Debug|Any CPU
		Debug|ARM = Debug|ARM
		Debug|iPhone = Debug|iPhone
		Debug|iPhoneSimulator = Debug|iPhoneSimulator
		Debug|Mixed Platforms = Debug|Mixed Platforms
		Debug|x86 = Debug|x86
		Release|Any CPU = Release|Any CPU
		Release|ARM = Release|ARM
		Release|iPhone = Release|iPhone
		Release|iPhoneSimulator = Release|iPhoneSimulator
		Release|Mixed Platforms = Release|Mixed Platforms
		Release|x86 = Release|x86
	EndGlobalSection
	GlobalSection(ProjectConfigurationPlatforms) = postSolution
		{7A07CA12-8863-4C7E-85A4-14F97B47F322}.Ad-Hoc|Any CPU.ActiveCfg = Ad-Hoc|iPhoneSimulator
		{7A07CA12-8863-4C7E-85A4-14F97B47F322}.Ad-Hoc|ARM.ActiveCfg = Ad-Hoc|iPhoneSimulator
		{7A07CA12-8863-4C7E-85A4-14F97B47F322}.Ad-Hoc|iPhone.ActiveCfg = Ad-Hoc|iPhone
		{7A07CA12-8863-4C7E-85A4-14F97B47F322}.Ad-Hoc|iPhone.Build.0 = Ad-Hoc|iPhone
		{7A07CA12-8863-4C7E-85A4-14F97B47F322}.Ad-Hoc|iPhoneSimulator.ActiveCfg = Ad-Hoc|iPhoneSimulator
		{7A07CA12-8863-4C7E-85A4-14F97B47F322}.Ad-Hoc|iPhoneSimulator.Build.0 = Ad-Hoc|iPhoneSimulator
		{7A07CA12-8863-4C7E-85A4-14F97B47F322}.Ad-Hoc|Mixed Platforms.ActiveCfg = Ad-Hoc|iPhoneSimulator
		{7A07CA12-8863-4C7E-85A4-14F97B47F322}.Ad-Hoc|Mixed Platforms.Build.0 = Ad-Hoc|iPhoneSimulator
		{7A07CA12-8863-4C7E-85A4-14F97B47F322}.Ad-Hoc|x86.ActiveCfg = Ad-Hoc|iPhoneSimulator
		{7A07CA12-8863-4C7E-85A4-14F97B47F322}.AppStore|Any CPU.ActiveCfg = AppStore|iPhoneSimulator
		{7A07CA12-8863-4C7E-85A4-14F97B47F322}.AppStore|ARM.ActiveCfg = AppStore|iPhoneSimulator
		{7A07CA12-8863-4C7E-85A4-14F97B47F322}.AppStore|iPhone.ActiveCfg = AppStore|iPhone
		{7A07CA12-8863-4C7E-85A4-14F97B47F322}.AppStore|iPhone.Build.0 = AppStore|iPhone
		{7A07CA12-8863-4C7E-85A4-14F97B47F322}.AppStore|iPhoneSimulator.ActiveCfg = AppStore|iPhoneSimulator
		{7A07CA12-8863-4C7E-85A4-14F97B47F322}.AppStore|iPhoneSimulator.Build.0 = AppStore|iPhoneSimulator
		{7A07CA12-8863-4C7E-85A4-14F97B47F322}.AppStore|Mixed Platforms.ActiveCfg = AppStore|iPhoneSimulator
		{7A07CA12-8863-4C7E-85A4-14F97B47F322}.AppStore|Mixed Platforms.Build.0 = AppStore|iPhoneSimulator
		{7A07CA12-8863-4C7E-85A4-14F97B47F322}.AppStore|x86.ActiveCfg = AppStore|iPhoneSimulator
		{7A07CA12-8863-4C7E-85A4-14F97B47F322}.Debug|Any CPU.ActiveCfg = Debug|iPhoneSimulator
		{7A07CA12-8863-4C7E-85A4-14F97B47F322}.Debug|ARM.ActiveCfg = Debug|iPhoneSimulator
		{7A07CA12-8863-4C7E-85A4-14F97B47F322}.Debug|iPhone.ActiveCfg = Debug|iPhone
		{7A07CA12-8863-4C7E-85A4-14F97B47F322}.Debug|iPhone.Build.0 = Debug|iPhone
		{7A07CA12-8863-4C7E-85A4-14F97B47F322}.Debug|iPhoneSimulator.ActiveCfg = Debug|iPhoneSimulator
		{7A07CA12-8863-4C7E-85A4-14F97B47F322}.Debug|iPhoneSimulator.Build.0 = Debug|iPhoneSimulator
		{7A07CA12-8863-4C7E-85A4-14F97B47F322}.Debug|Mixed Platforms.ActiveCfg = Debug|iPhoneSimulator
		{7A07CA12-8863-4C7E-85A4-14F97B47F322}.Debug|Mixed Platforms.Build.0 = Debug|iPhoneSimulator
		{7A07CA12-8863-4C7E-85A4-14F97B47F322}.Debug|x86.ActiveCfg = Debug|iPhoneSimulator
		{7A07CA12-8863-4C7E-85A4-14F97B47F322}.Release|Any CPU.ActiveCfg = Release|iPhoneSimulator
		{7A07CA12-8863-4C7E-85A4-14F97B47F322}.Release|ARM.ActiveCfg = Release|iPhoneSimulator
		{7A07CA12-8863-4C7E-85A4-14F97B47F322}.Release|iPhone.ActiveCfg = Release|iPhone
		{7A07CA12-8863-4C7E-85A4-14F97B47F322}.Release|iPhone.Build.0 = Release|iPhone
		{7A07CA12-8863-4C7E-85A4-14F97B47F322}.Release|iPhoneSimulator.ActiveCfg = Release|iPhoneSimulator
		{7A07CA12-8863-4C7E-85A4-14F97B47F322}.Release|iPhoneSimulator.Build.0 = Release|iPhoneSimulator
		{7A07CA12-8863-4C7E-85A4-14F97B47F322}.Release|Mixed Platforms.ActiveCfg = Release|iPhoneSimulator
		{7A07CA12-8863-4C7E-85A4-14F97B47F322}.Release|Mixed Platforms.Build.0 = Release|iPhoneSimulator
		{7A07CA12-8863-4C7E-85A4-14F97B47F322}.Release|x86.ActiveCfg = Release|iPhoneSimulator
		{37B2BEC0-38FF-4FBE-96D1-05C72AB32670}.Ad-Hoc|Any CPU.ActiveCfg = Debug|Any CPU
		{37B2BEC0-38FF-4FBE-96D1-05C72AB32670}.Ad-Hoc|Any CPU.Build.0 = Debug|Any CPU
		{37B2BEC0-38FF-4FBE-96D1-05C72AB32670}.Ad-Hoc|Any CPU.Deploy.0 = Debug|Any CPU
		{37B2BEC0-38FF-4FBE-96D1-05C72AB32670}.Ad-Hoc|ARM.ActiveCfg = Debug|Any CPU
		{37B2BEC0-38FF-4FBE-96D1-05C72AB32670}.Ad-Hoc|iPhone.ActiveCfg = Release|Any CPU
		{37B2BEC0-38FF-4FBE-96D1-05C72AB32670}.Ad-Hoc|iPhone.Build.0 = Release|Any CPU
		{37B2BEC0-38FF-4FBE-96D1-05C72AB32670}.Ad-Hoc|iPhoneSimulator.ActiveCfg = Debug|Any CPU
		{37B2BEC0-38FF-4FBE-96D1-05C72AB32670}.Ad-Hoc|Mixed Platforms.ActiveCfg = Debug|Any CPU
		{37B2BEC0-38FF-4FBE-96D1-05C72AB32670}.Ad-Hoc|Mixed Platforms.Build.0 = Debug|Any CPU
		{37B2BEC0-38FF-4FBE-96D1-05C72AB32670}.Ad-Hoc|Mixed Platforms.Deploy.0 = Debug|Any CPU
		{37B2BEC0-38FF-4FBE-96D1-05C72AB32670}.Ad-Hoc|x86.ActiveCfg = Debug|Any CPU
		{37B2BEC0-38FF-4FBE-96D1-05C72AB32670}.AppStore|Any CPU.ActiveCfg = Debug|Any CPU
		{37B2BEC0-38FF-4FBE-96D1-05C72AB32670}.AppStore|Any CPU.Build.0 = Debug|Any CPU
		{37B2BEC0-38FF-4FBE-96D1-05C72AB32670}.AppStore|Any CPU.Deploy.0 = Debug|Any CPU
		{37B2BEC0-38FF-4FBE-96D1-05C72AB32670}.AppStore|ARM.ActiveCfg = Debug|Any CPU
		{37B2BEC0-38FF-4FBE-96D1-05C72AB32670}.AppStore|iPhone.ActiveCfg = Release|Any CPU
		{37B2BEC0-38FF-4FBE-96D1-05C72AB32670}.AppStore|iPhone.Build.0 = Release|Any CPU
		{37B2BEC0-38FF-4FBE-96D1-05C72AB32670}.AppStore|iPhoneSimulator.ActiveCfg = Debug|Any CPU
		{37B2BEC0-38FF-4FBE-96D1-05C72AB32670}.AppStore|Mixed Platforms.ActiveCfg = Debug|Any CPU
		{37B2BEC0-38FF-4FBE-96D1-05C72AB32670}.AppStore|Mixed Platforms.Build.0 = Debug|Any CPU
		{37B2BEC0-38FF-4FBE-96D1-05C72AB32670}.AppStore|Mixed Platforms.Deploy.0 = Debug|Any CPU
		{37B2BEC0-38FF-4FBE-96D1-05C72AB32670}.AppStore|x86.ActiveCfg = Debug|Any CPU
		{37B2BEC0-38FF-4FBE-96D1-05C72AB32670}.Debug|Any CPU.ActiveCfg = Debug|Any CPU
		{37B2BEC0-38FF-4FBE-96D1-05C72AB32670}.Debug|Any CPU.Build.0 = Debug|Any CPU
		{37B2BEC0-38FF-4FBE-96D1-05C72AB32670}.Debug|Any CPU.Deploy.0 = Debug|Any CPU
		{37B2BEC0-38FF-4FBE-96D1-05C72AB32670}.Debug|ARM.ActiveCfg = Debug|Any CPU
		{37B2BEC0-38FF-4FBE-96D1-05C72AB32670}.Debug|iPhone.ActiveCfg = Debug|Any CPU
		{37B2BEC0-38FF-4FBE-96D1-05C72AB32670}.Debug|iPhone.Build.0 = Debug|Any CPU
		{37B2BEC0-38FF-4FBE-96D1-05C72AB32670}.Debug|iPhoneSimulator.ActiveCfg = Debug|Any CPU
		{37B2BEC0-38FF-4FBE-96D1-05C72AB32670}.Debug|iPhoneSimulator.Build.0 = Debug|Any CPU
		{37B2BEC0-38FF-4FBE-96D1-05C72AB32670}.Debug|Mixed Platforms.ActiveCfg = Debug|Any CPU
		{37B2BEC0-38FF-4FBE-96D1-05C72AB32670}.Debug|Mixed Platforms.Build.0 = Debug|Any CPU
		{37B2BEC0-38FF-4FBE-96D1-05C72AB32670}.Debug|Mixed Platforms.Deploy.0 = Debug|Any CPU
		{37B2BEC0-38FF-4FBE-96D1-05C72AB32670}.Debug|x86.ActiveCfg = Debug|Any CPU
		{37B2BEC0-38FF-4FBE-96D1-05C72AB32670}.Release|Any CPU.ActiveCfg = Release|Any CPU
		{37B2BEC0-38FF-4FBE-96D1-05C72AB32670}.Release|Any CPU.Build.0 = Release|Any CPU
		{37B2BEC0-38FF-4FBE-96D1-05C72AB32670}.Release|Any CPU.Deploy.0 = Release|Any CPU
		{37B2BEC0-38FF-4FBE-96D1-05C72AB32670}.Release|ARM.ActiveCfg = Release|Any CPU
		{37B2BEC0-38FF-4FBE-96D1-05C72AB32670}.Release|iPhone.ActiveCfg = Release|Any CPU
		{37B2BEC0-38FF-4FBE-96D1-05C72AB32670}.Release|iPhone.Build.0 = Release|Any CPU
		{37B2BEC0-38FF-4FBE-96D1-05C72AB32670}.Release|iPhoneSimulator.ActiveCfg = Release|Any CPU
		{37B2BEC0-38FF-4FBE-96D1-05C72AB32670}.Release|iPhoneSimulator.Build.0 = Release|Any CPU
		{37B2BEC0-38FF-4FBE-96D1-05C72AB32670}.Release|Mixed Platforms.ActiveCfg = Release|Any CPU
		{37B2BEC0-38FF-4FBE-96D1-05C72AB32670}.Release|Mixed Platforms.Build.0 = Release|Any CPU
		{37B2BEC0-38FF-4FBE-96D1-05C72AB32670}.Release|Mixed Platforms.Deploy.0 = Release|Any CPU
		{37B2BEC0-38FF-4FBE-96D1-05C72AB32670}.Release|x86.ActiveCfg = Release|Any CPU
		{7D35EFF9-0EF8-4AE2-BACF-E6CC4E445930}.Ad-Hoc|Any CPU.ActiveCfg = Release|Any CPU
		{7D35EFF9-0EF8-4AE2-BACF-E6CC4E445930}.Ad-Hoc|Any CPU.Build.0 = Release|Any CPU
		{7D35EFF9-0EF8-4AE2-BACF-E6CC4E445930}.Ad-Hoc|Any CPU.Deploy.0 = Release|Any CPU
		{7D35EFF9-0EF8-4AE2-BACF-E6CC4E445930}.Ad-Hoc|ARM.ActiveCfg = Release|ARM
		{7D35EFF9-0EF8-4AE2-BACF-E6CC4E445930}.Ad-Hoc|ARM.Build.0 = Release|ARM
		{7D35EFF9-0EF8-4AE2-BACF-E6CC4E445930}.Ad-Hoc|ARM.Deploy.0 = Release|ARM
		{7D35EFF9-0EF8-4AE2-BACF-E6CC4E445930}.Ad-Hoc|iPhone.ActiveCfg = Release|Any CPU
		{7D35EFF9-0EF8-4AE2-BACF-E6CC4E445930}.Ad-Hoc|iPhoneSimulator.ActiveCfg = Release|Any CPU
		{7D35EFF9-0EF8-4AE2-BACF-E6CC4E445930}.Ad-Hoc|Mixed Platforms.ActiveCfg = Release|x86
		{7D35EFF9-0EF8-4AE2-BACF-E6CC4E445930}.Ad-Hoc|Mixed Platforms.Build.0 = Release|x86
		{7D35EFF9-0EF8-4AE2-BACF-E6CC4E445930}.Ad-Hoc|Mixed Platforms.Deploy.0 = Release|x86
		{7D35EFF9-0EF8-4AE2-BACF-E6CC4E445930}.Ad-Hoc|x86.ActiveCfg = Release|x86
		{7D35EFF9-0EF8-4AE2-BACF-E6CC4E445930}.Ad-Hoc|x86.Build.0 = Release|x86
		{7D35EFF9-0EF8-4AE2-BACF-E6CC4E445930}.Ad-Hoc|x86.Deploy.0 = Release|x86
		{7D35EFF9-0EF8-4AE2-BACF-E6CC4E445930}.AppStore|Any CPU.ActiveCfg = Release|Any CPU
		{7D35EFF9-0EF8-4AE2-BACF-E6CC4E445930}.AppStore|Any CPU.Build.0 = Release|Any CPU
		{7D35EFF9-0EF8-4AE2-BACF-E6CC4E445930}.AppStore|Any CPU.Deploy.0 = Release|Any CPU
		{7D35EFF9-0EF8-4AE2-BACF-E6CC4E445930}.AppStore|ARM.ActiveCfg = Release|ARM
		{7D35EFF9-0EF8-4AE2-BACF-E6CC4E445930}.AppStore|ARM.Build.0 = Release|ARM
		{7D35EFF9-0EF8-4AE2-BACF-E6CC4E445930}.AppStore|ARM.Deploy.0 = Release|ARM
		{7D35EFF9-0EF8-4AE2-BACF-E6CC4E445930}.AppStore|iPhone.ActiveCfg = Release|Any CPU
		{7D35EFF9-0EF8-4AE2-BACF-E6CC4E445930}.AppStore|iPhoneSimulator.ActiveCfg = Release|Any CPU
		{7D35EFF9-0EF8-4AE2-BACF-E6CC4E445930}.AppStore|Mixed Platforms.ActiveCfg = Release|x86
		{7D35EFF9-0EF8-4AE2-BACF-E6CC4E445930}.AppStore|Mixed Platforms.Build.0 = Release|x86
		{7D35EFF9-0EF8-4AE2-BACF-E6CC4E445930}.AppStore|Mixed Platforms.Deploy.0 = Release|x86
		{7D35EFF9-0EF8-4AE2-BACF-E6CC4E445930}.AppStore|x86.ActiveCfg = Release|x86
		{7D35EFF9-0EF8-4AE2-BACF-E6CC4E445930}.AppStore|x86.Build.0 = Release|x86
		{7D35EFF9-0EF8-4AE2-BACF-E6CC4E445930}.AppStore|x86.Deploy.0 = Release|x86
		{7D35EFF9-0EF8-4AE2-BACF-E6CC4E445930}.Debug|Any CPU.ActiveCfg = Debug|Any CPU
		{7D35EFF9-0EF8-4AE2-BACF-E6CC4E445930}.Debug|Any CPU.Build.0 = Debug|Any CPU
		{7D35EFF9-0EF8-4AE2-BACF-E6CC4E445930}.Debug|Any CPU.Deploy.0 = Debug|Any CPU
		{7D35EFF9-0EF8-4AE2-BACF-E6CC4E445930}.Debug|ARM.ActiveCfg = Debug|ARM
		{7D35EFF9-0EF8-4AE2-BACF-E6CC4E445930}.Debug|ARM.Build.0 = Debug|ARM
		{7D35EFF9-0EF8-4AE2-BACF-E6CC4E445930}.Debug|ARM.Deploy.0 = Debug|ARM
		{7D35EFF9-0EF8-4AE2-BACF-E6CC4E445930}.Debug|iPhone.ActiveCfg = Debug|Any CPU
		{7D35EFF9-0EF8-4AE2-BACF-E6CC4E445930}.Debug|iPhoneSimulator.ActiveCfg = Debug|Any CPU
		{7D35EFF9-0EF8-4AE2-BACF-E6CC4E445930}.Debug|Mixed Platforms.ActiveCfg = Debug|x86
		{7D35EFF9-0EF8-4AE2-BACF-E6CC4E445930}.Debug|Mixed Platforms.Build.0 = Debug|x86
		{7D35EFF9-0EF8-4AE2-BACF-E6CC4E445930}.Debug|Mixed Platforms.Deploy.0 = Debug|x86
		{7D35EFF9-0EF8-4AE2-BACF-E6CC4E445930}.Debug|x86.ActiveCfg = Debug|x86
		{7D35EFF9-0EF8-4AE2-BACF-E6CC4E445930}.Debug|x86.Build.0 = Debug|x86
		{7D35EFF9-0EF8-4AE2-BACF-E6CC4E445930}.Debug|x86.Deploy.0 = Debug|x86
		{7D35EFF9-0EF8-4AE2-BACF-E6CC4E445930}.Release|Any CPU.ActiveCfg = Release|Any CPU
		{7D35EFF9-0EF8-4AE2-BACF-E6CC4E445930}.Release|Any CPU.Build.0 = Release|Any CPU
		{7D35EFF9-0EF8-4AE2-BACF-E6CC4E445930}.Release|Any CPU.Deploy.0 = Release|Any CPU
		{7D35EFF9-0EF8-4AE2-BACF-E6CC4E445930}.Release|ARM.ActiveCfg = Release|ARM
		{7D35EFF9-0EF8-4AE2-BACF-E6CC4E445930}.Release|ARM.Build.0 = Release|ARM
		{7D35EFF9-0EF8-4AE2-BACF-E6CC4E445930}.Release|ARM.Deploy.0 = Release|ARM
		{7D35EFF9-0EF8-4AE2-BACF-E6CC4E445930}.Release|iPhone.ActiveCfg = Release|Any CPU
		{7D35EFF9-0EF8-4AE2-BACF-E6CC4E445930}.Release|iPhoneSimulator.ActiveCfg = Release|Any CPU
		{7D35EFF9-0EF8-4AE2-BACF-E6CC4E445930}.Release|Mixed Platforms.ActiveCfg = Release|x86
		{7D35EFF9-0EF8-4AE2-BACF-E6CC4E445930}.Release|Mixed Platforms.Build.0 = Release|x86
		{7D35EFF9-0EF8-4AE2-BACF-E6CC4E445930}.Release|Mixed Platforms.Deploy.0 = Release|x86
		{7D35EFF9-0EF8-4AE2-BACF-E6CC4E445930}.Release|x86.ActiveCfg = Release|x86
		{7D35EFF9-0EF8-4AE2-BACF-E6CC4E445930}.Release|x86.Build.0 = Release|x86
		{7D35EFF9-0EF8-4AE2-BACF-E6CC4E445930}.Release|x86.Deploy.0 = Release|x86
	EndGlobalSection
	GlobalSection(SolutionProperties) = preSolution
		HideSolutionNode = FALSE
	EndGlobalSection
EndGlobal
